Microsoft Visual Studio Solution File, Format Version 12.00
# Visual Studio Version 17
VisualStudioVersion = 17.5.2.0
MinimumVisualStudioVersion = 10.0.40219.1
Project("{2150E333-8FDC-42A3-9474-1A3956D46DE8}") = "tools", "tools", "{07C2787E-EAC7-C090-1BA3-A61EC2A24D84}"
EndProject
Project("{FAE04EC0-301F-11D3-BF4B-00C04F79EFBC}") = "GLProbe", "tools\GLProbe\GLProbe.csproj", "{44FACD64-1742-76BD-AFE0-DC2B4D7C950B}"
EndProject
Project("{FAE04EC0-301F-11D3-BF4B-00C04F79EFBC}") = "RS3LauncherStub", "tools\RS3LauncherStub\RS3LauncherStub.csproj", "{3DEA6EB3-9C5F-78EE-4256-26946548100B}"
EndProject
Global
	GlobalSection(SolutionConfigurationPlatforms) = preSolution
		Debug|Any CPU = Debug|Any CPU
		Release|Any CPU = Release|Any CPU
	EndGlobalSection
	GlobalSection(ProjectConfigurationPlatforms) = postSolution
		{44FACD64-1742-76BD-AFE0-DC2B4D7C950B}.Debug|Any CPU.ActiveCfg = Debug|Any CPU
		{44FACD64-1742-76BD-AFE0-DC2B4D7C950B}.Debug|Any CPU.Build.0 = Debug|Any CPU
		{44FACD64-1742-76BD-AFE0-DC2B4D7C950B}.Release|Any CPU.ActiveCfg = Release|Any CPU
		{44FACD64-1742-76BD-AFE0-DC2B4D7C950B}.Release|Any CPU.Build.0 = Release|Any CPU
		{3DEA6EB3-9C5F-78EE-4256-26946548100B}.Debug|Any CPU.ActiveCfg = Debug|Any CPU
		{3DEA6EB3-9C5F-78EE-4256-26946548100B}.Debug|Any CPU.Build.0 = Debug|Any CPU
		{3DEA6EB3-9C5F-78EE-4256-26946548100B}.Release|Any CPU.ActiveCfg = Release|Any CPU
		{3DEA6EB3-9C5F-78EE-4256-26946548100B}.Release|Any CPU.Build.0 = Release|Any CPU
	EndGlobalSection
	GlobalSection(SolutionProperties) = preSolution
		HideSolutionNode = FALSE
	EndGlobalSection
	GlobalSection(NestedProjects) = preSolution
		{44FACD64-1742-76BD-AFE0-DC2B4D7C950B} = {07C2787E-EAC7-C090-1BA3-A61EC2A24D84}
		{3DEA6EB3-9C5F-78EE-4256-26946548100B} = {07C2787E-EAC7-C090-1BA3-A61EC2A24D84}
	EndGlobalSection
	GlobalSection(ExtensibilityGlobals) = postSolution
		SolutionGuid = {A868B048-18AA-4FD1-AF4C-1FFBE7F5FD9D}
	EndGlobalSection
EndGlobal
